PODS:
  - YCAssistivePlugin (0.1.0):
    - YYModel
  - YYModel (1.0.4)

DEPENDENCIES:
  - YCAssistivePlugin (from `../`)

SPEC REPOS:
  https://github.com/cocoapods/specs.git:
    - YYModel

EXTERNAL SOURCES:
  YCAssistivePlugin:
    :path: "../"

SPEC CHECKSUMS:
  YCAssistivePlugin: 62764fe9c39cc9f478c022e13bfd6efc52bf53e6
  YYModel: 2a7fdd96aaa4b86a824e26d0c517de8928c04b30

PODFILE CHECKSUM: b51d1d3772dfe73c54fb841a11170507f03ae14c

COCOAPODS: 1.6.1
