PODS:
  - FBRetainCycleDetector (0.1.4)
  - Masonry (1.1.0)
  - ReactiveObjC (3.1.1)
  - SDWebImage (4.4.6):
    - SDWebImage/Core (= 4.4.6)
  - SDWebImage/Core (4.4.6)
  - YCAssistivePlugin (0.1.0):
    - FBRetainCycleDetector
    - Masonry
    - ReactiveObjC
    - SDWebImage (= 4.4.6)
    - YYModel
  - YYModel (1.0.4)

DEPENDENCIES:
  - YCAssistivePlugin (from `../`)

SPEC REPOS:
  https://github.com/CocoaPods/Specs.git:
    - YYModel
  trunk:
    - FBRetainCycleDetector
    - Masonry
    - ReactiveObjC
    - SDWebImage

EXTERNAL SOURCES:
  YCAssistivePlugin:
    :path: "../"

SPEC CHECKSUMS:
  FBRetainCycleDetector: 46f8179bbb1c587deee3ea838a1a3ee02acf5015
  Masonry: 678fab65091a9290e40e2832a55e7ab731aad201
  ReactiveObjC: 011caa393aa0383245f2dcf9bf02e86b80b36040
  SDWebImage: 3f3f0c02f09798048c47a5ed0a13f17b063572d8
  YCAssistivePlugin: c161a8ba405fe6a5be0f845e070aa7d62c2fefa5
  YYModel: 2a7fdd96aaa4b86a824e26d0c517de8928c04b30

PODFILE CHECKSUM: b51d1d3772dfe73c54fb841a11170507f03ae14c

COCOAPODS: 1.8.4
